// !$*UTF8*$!
{
	archiveVersion = 1;
	classes = {
	};
	objectVersion = 77;
	objects = {

/* Begin PBXBuildFile section */
		04BA210E2CEB8DEA00287E21 /* FirebaseAnalytics in Frameworks */ = {isa = PBXBuildFile; productRef = 04BA210D2CEB8DEA00287E21 /* FirebaseAnalytics */; };
		04BA21102CEB8DEA00287E21 /* FirebaseAnalyticsOnDeviceConversion in Frameworks */ = {isa = PBXBuildFile; productRef = 04BA210F2CEB8DEA00287E21 /* FirebaseAnalyticsOnDeviceConversion */; };
		04BA21122CEB8DEA00287E21 /* FirebaseAnalyticsWithoutAdIdSupport in Frameworks */ = {isa = PBXBuildFile; productRef = 04BA21112CEB8DEA00287E21 /* FirebaseAnalyticsWithoutAdIdSupport */; };
		04BA21142CEB8DEA00287E21 /* FirebaseAppCheck in Frameworks */ = {isa = PBXBuildFile; productRef = 04BA21132CEB8DEA00287E21 /* FirebaseAppCheck */; };
		04BA21162CEB8DEA00287E21 /* FirebaseAppDistribution-Beta in Frameworks */ = {isa = PBXBuildFile; productRef = 04BA21152CEB8DEA00287E21 /* FirebaseAppDistribution-Beta */; };
		04BA21182CEB8DEA00287E21 /* FirebaseAuth in Frameworks */ = {isa = PBXBuildFile; productRef = 04BA21172CEB8DEA00287E21 /* FirebaseAuth */; };
		04BA211A2CEB8DEA00287E21 /* FirebaseAuthCombine-Community in Frameworks */ = {isa = PBXBuildFile; productRef = 04BA21192CEB8DEA00287E21 /* FirebaseAuthCombine-Community */; };
		04BA211C2CEB8DEA00287E21 /* FirebaseCore in Frameworks */ = {isa = PBXBuildFile; productRef = 04BA211B2CEB8DEA00287E21 /* FirebaseCore */; };
		04BA211E2CEB8DEA00287E21 /* FirebaseCrashlytics in Frameworks */ = {isa = PBXBuildFile; productRef = 04BA211D2CEB8DEA00287E21 /* FirebaseCrashlytics */; };
		04BA21202CEB8DEA00287E21 /* FirebaseDatabase in Frameworks */ = {isa = PBXBuildFile; productRef = 04BA211F2CEB8DEA00287E21 /* FirebaseDatabase */; };
		04BA21222CEB8DEA00287E21 /* FirebaseDynamicLinks in Frameworks */ = {isa = PBXBuildFile; productRef = 04BA21212CEB8DEA00287E21 /* FirebaseDynamicLinks */; };
		04BA21242CEB8DEA00287E21 /* FirebaseFirestore in Frameworks */ = {isa = PBXBuildFile; productRef = 04BA21232CEB8DEA00287E21 /* FirebaseFirestore */; };
		04BA21262CEB8DEA00287E21 /* FirebaseFirestoreCombine-Community in Frameworks */ = {isa = PBXBuildFile; productRef = 04BA21252CEB8DEA00287E21 /* FirebaseFirestoreCombine-Community */; };
		04BA21282CEB8DEA00287E21 /* FirebaseFunctions in Frameworks */ = {isa = PBXBuildFile; productRef = 04BA21272CEB8DEA00287E21 /* FirebaseFunctions */; };
		04BA212A2CEB8DEA00287E21 /* FirebaseFunctionsCombine-Community in Frameworks */ = {isa = PBXBuildFile; productRef = 04BA21292CEB8DEA00287E21 /* FirebaseFunctionsCombine-Community */; };
		04BA212C2CEB8DEA00287E21 /* FirebaseInAppMessaging-Beta in Frameworks */ = {isa = PBXBuildFile; productRef = 04BA212B2CEB8DEA00287E21 /* FirebaseInAppMessaging-Beta */; };
		04BA212E2CEB8DEA00287E21 /* FirebaseInstallations in Frameworks */ = {isa = PBXBuildFile; productRef = 04BA212D2CEB8DEA00287E21 /* FirebaseInstallations */; };
		04BA21302CEB8DEA00287E21 /* FirebaseMLModelDownloader in Frameworks */ = {isa = PBXBuildFile; productRef = 04BA212F2CEB8DEA00287E21 /* FirebaseMLModelDownloader */; };
		04BA21322CEB8DEA00287E21 /* FirebaseMessaging in Frameworks */ = {isa = PBXBuildFile; productRef = 04BA21312CEB8DEA00287E21 /* FirebaseMessaging */; };
		04BA21342CEB8DEA00287E21 /* FirebasePerformance in Frameworks */ = {isa = PBXBuildFile; productRef = 04BA21332CEB8DEA00287E21 /* FirebasePerformance */; };
		04BA21362CEB8DEA00287E21 /* FirebaseRemoteConfig in Frameworks */ = {isa = PBXBuildFile; productRef = 04BA21352CEB8DEA00287E21 /* FirebaseRemoteConfig */; };
		04BA21382CEB8DEA00287E21 /* FirebaseStorage in Frameworks */ = {isa = PBXBuildFile; productRef = 04BA21372CEB8DEA00287E21 /* FirebaseStorage */; };
		04BA213A2CEB8DEA00287E21 /* FirebaseStorageCombine-Community in Frameworks */ = {isa = PBXBuildFile; productRef = 04BA21392CEB8DEA00287E21 /* FirebaseStorageCombine-Community */; };
		04BA213C2CEB8DEA00287E21 /* FirebaseVertexAI in Frameworks */ = {isa = PBXBuildFile; productRef = 04BA213B2CEB8DEA00287E21 /* FirebaseVertexAI */; };
/* End PBXBuildFile section */

/* Begin PBXContainerItemProxy section */
		041C3A0D2CD933F4001532EA /* PBXContainerItemProxy */ = {
			isa = PBXContainerItemProxy;
			containerPortal = 041C39F42CD933F2001532EA /* Project object */;
			proxyType = 1;
			remoteGlobalIDString = 041C39FB2CD933F2001532EA;
			remoteInfo = BookHub;
		};
		041C3A172CD933F4001532EA /* PBXContainerItemProxy */ = {
			isa = PBXContainerItemProxy;
			containerPortal = 041C39F42CD933F2001532EA /* Project object */;
			proxyType = 1;
			remoteGlobalIDString = 041C39FB2CD933F2001532EA;
			remoteInfo = BookHub;
		};
/* End PBXContainerItemProxy section */

/* Begin PBXFileReference section */
		041C39FC2CD933F2001532EA /* BookHub.app */ = {isa = PBXFileReference; explicitFileType = wrapper.application; includeInIndex = 0; path = BookHub.app; sourceTree = BUILT_PRODUCTS_DIR; };
		041C3A0C2CD933F4001532EA /* BookHubTests.xctest */ = {isa = PBXFileReference; explicitFileType = wrapper.cfbundle; includeInIndex = 0; path = BookHubTests.xctest; sourceTree = BUILT_PRODUCTS_DIR; };
		041C3A162CD933F4001532EA /* BookHubUITests.xctest */ = {isa = PBXFileReference; explicitFileType = wrapper.cfbundle; includeInIndex = 0; path = BookHubUITests.xctest; sourceTree = BUILT_PRODUCTS_DIR; };
/* End PBXFileReference section */

/* Begin PBXFileSystemSynchronizedRootGroup section */
		041C39FE2CD933F2001532EA /* BookHub */ = {
			isa = PBXFileSystemSynchronizedRootGroup;
			path = BookHub;
			sourceTree = "<group>";
		};
		041C3A0F2CD933F4001532EA /* BookHubTests */ = {
			isa = PBXFileSystemSynchronizedRootGroup;
			path = BookHubTests;
			sourceTree = "<group>";
		};
		041C3A192CD933F4001532EA /* BookHubUITests */ = {
			isa = PBXFileSystemSynchronizedRootGroup;
			path = BookHubUITests;
			sourceTree = "<group>";
		};
/* End PBXFileSystemSynchronizedRootGroup section */

/* Begin PBXFrameworksBuildPhase section */
		041C39F92CD933F2001532EA /* Frameworks */ = {
			isa = PBXFrameworksBuildPhase;
			buildActionMask = 2147483647;
			files = (
				04BA21262CEB8DEA00287E21 /* FirebaseFirestoreCombine-Community in Frameworks */,
				04BA213C2CEB8DEA00287E21 /* FirebaseVertexAI in Frameworks */,
				04BA21282CEB8DEA00287E21 /* FirebaseFunctions in Frameworks */,
				04BA21342CEB8DEA00287E21 /* FirebasePerformance in Frameworks */,
				04BA213A2CEB8DEA00287E21 /* FirebaseStorageCombine-Community in Frameworks */,
				04BA21362CEB8DEA00287E21 /* FirebaseRemoteConfig in Frameworks */,
				04BA21202CEB8DEA00287E21 /* FirebaseDatabase in Frameworks */,
				04BA21222CEB8DEA00287E21 /* FirebaseDynamicLinks in Frameworks */,
				04BA21142CEB8DEA00287E21 /* FirebaseAppCheck in Frameworks */,
				04BA21182CEB8DEA00287E21 /* FirebaseAuth in Frameworks */,
				04BA210E2CEB8DEA00287E21 /* FirebaseAnalytics in Frameworks */,
				04BA21242CEB8DEA00287E21 /* FirebaseFirestore in Frameworks */,
				04BA21322CEB8DEA00287E21 /* FirebaseMessaging in Frameworks */,
				04BA212E2CEB8DEA00287E21 /* FirebaseInstallations in Frameworks */,
				04BA212A2CEB8DEA00287E21 /* FirebaseFunctionsCombine-Community in Frameworks */,
				04BA21162CEB8DEA00287E21 /* FirebaseAppDistribution-Beta in Frameworks */,
				04BA21122CEB8DEA00287E21 /* FirebaseAnalyticsWithoutAdIdSupport in Frameworks */,
				04BA212C2CEB8DEA00287E21 /* FirebaseInAppMessaging-Beta in Frameworks */,
				04BA211A2CEB8DEA00287E21 /* FirebaseAuthCombine-Community in Frameworks */,
				04BA211E2CEB8DEA00287E21 /* FirebaseCrashlytics in Frameworks */,
				04BA21302CEB8DEA00287E21 /* FirebaseMLModelDownloader in Frameworks */,
				04BA21382CEB8DEA00287E21 /* FirebaseStorage in Frameworks */,
				04BA211C2CEB8DEA00287E21 /* FirebaseCore in Frameworks */,
				04BA21102CEB8DEA00287E21 /* FirebaseAnalyticsOnDeviceConversion in Frameworks */,
			);
			runOnlyForDeploymentPostprocessing = 0;
		};
		041C3A092CD933F4001532EA /* Frameworks */ = {
			isa = PBXFrameworksBuildPhase;
			buildActionMask = 2147483647;
			files = (
			);
			runOnlyForDeploymentPostprocessing = 0;
		};
		041C3A132CD933F4001532EA /* Frameworks */ = {
			isa = PBXFrameworksBuildPhase;
			buildActionMask = 2147483647;
			files = (
			);
			runOnlyForDeploymentPostprocessing = 0;
		};
/* End PBXFrameworksBuildPhase section */

/* Begin PBXGroup section */
		041C39F32CD933F2001532EA = {
			isa = PBXGroup;
			children = (
				041C39FE2CD933F2001532EA /* BookHub */,
				041C3A0F2CD933F4001532EA /* BookHubTests */,
				041C3A192CD933F4001532EA /* BookHubUITests */,
				041C39FD2CD933F2001532EA /* Products */,
			);
			sourceTree = "<group>";
		};
		041C39FD2CD933F2001532EA /* Products */ = {
			isa = PBXGroup;
			children = (
				041C39FC2CD933F2001532EA /* BookHub.app */,
				041C3A0C2CD933F4001532EA /* BookHubTests.xctest */,
				041C3A162CD933F4001532EA /* BookHubUITests.xctest */,
			);
			name = Products;
			sourceTree = "<group>";
		};
/* End PBXGroup section */

/* Begin PBXNativeTarget section */
		041C39FB2CD933F2001532EA /* BookHub */ = {
			isa = PBXNativeTarget;
			buildConfigurationList = 041C3A202CD933F4001532EA /* Build configuration list for PBXNativeTarget "BookHub" */;
			buildPhases = (
				041C39F82CD933F2001532EA /* Sources */,
				041C39F92CD933F2001532EA /* Frameworks */,
				041C39FA2CD933F2001532EA /* Resources */,
			);
			buildRules = (
			);
			dependencies = (
			);
			fileSystemSynchronizedGroups = (
				041C39FE2CD933F2001532EA /* BookHub */,
			);
			name = BookHub;
			packageProductDependencies = (
				04BA210D2CEB8DEA00287E21 /* FirebaseAnalytics */,
				04BA210F2CEB8DEA00287E21 /* FirebaseAnalyticsOnDeviceConversion */,
				04BA21112CEB8DEA00287E21 /* FirebaseAnalyticsWithoutAdIdSupport */,
				04BA21132CEB8DEA00287E21 /* FirebaseAppCheck */,
				04BA21152CEB8DEA00287E21 /* FirebaseAppDistribution-Beta */,
				04BA21172CEB8DEA00287E21 /* FirebaseAuth */,
				04BA21192CEB8DEA00287E21 /* FirebaseAuthCombine-Community */,
				04BA211B2CEB8DEA00287E21 /* FirebaseCore */,
				04BA211D2CEB8DEA00287E21 /* FirebaseCrashlytics */,
				04BA211F2CEB8DEA00287E21 /* FirebaseDatabase */,
				04BA21212CEB8DEA00287E21 /* FirebaseDynamicLinks */,
				04BA21232CEB8DEA00287E21 /* FirebaseFirestore */,
				04BA21252CEB8DEA00287E21 /* FirebaseFirestoreCombine-Community */,
				04BA21272CEB8DEA00287E21 /* FirebaseFunctions */,
				04BA21292CEB8DEA00287E21 /* FirebaseFunctionsCombine-Community */,
				04BA212B2CEB8DEA00287E21 /* FirebaseInAppMessaging-Beta */,
				04BA212D2CEB8DEA00287E21 /* FirebaseInstallations */,
				04BA212F2CEB8DEA00287E21 /* FirebaseMLModelDownloader */,
				04BA21312CEB8DEA00287E21 /* FirebaseMessaging */,
				04BA21332CEB8DEA00287E21 /* FirebasePerformance */,
				04BA21352CEB8DEA00287E21 /* FirebaseRemoteConfig */,
				04BA21372CEB8DEA00287E21 /* FirebaseStorage */,
				04BA21392CEB8DEA00287E21 /* FirebaseStorageCombine-Community */,
				04BA213B2CEB8DEA00287E21 /* FirebaseVertexAI */,
			);
			productName = BookHub;
			productReference = 041C39FC2CD933F2001532EA /* BookHub.app */;
			productType = "com.apple.product-type.application";
		};
		041C3A0B2CD933F4001532EA /* BookHubTests */ = {
			isa = PBXNativeTarget;
			buildConfigurationList = 041C3A232CD933F4001532EA /* Build configuration list for PBXNativeTarget "BookHubTests" */;
			buildPhases = (
				041C3A082CD933F4001532EA /* Sources */,
				041C3A092CD933F4001532EA /* Frameworks */,
				041C3A0A2CD933F4001532EA /* Resources */,
			);
			buildRules = (
			);
			dependencies = (
				041C3A0E2CD933F4001532EA /* PBXTargetDependency */,
			);
			fileSystemSynchronizedGroups = (
				041C3A0F2CD933F4001532EA /* BookHubTests */,
			);
			name = BookHubTests;
			packageProductDependencies = (
			);
			productName = BookHubTests;
			productReference = 041C3A0C2CD933F4001532EA /* BookHubTests.xctest */;
			productType = "com.apple.product-type.bundle.unit-test";
		};
		041C3A152CD933F4001532EA /* BookHubUITests */ = {
			isa = PBXNativeTarget;
			buildConfigurationList = 041C3A262CD933F4001532EA /* Build configuration list for PBXNativeTarget "BookHubUITests" */;
			buildPhases = (
				041C3A122CD933F4001532EA /* Sources */,
				041C3A132CD933F4001532EA /* Frameworks */,
				041C3A142CD933F4001532EA /* Resources */,
			);
			buildRules = (
			);
			dependencies = (
				041C3A182CD933F4001532EA /* PBXTargetDependency */,
			);
			fileSystemSynchronizedGroups = (
				041C3A192CD933F4001532EA /* BookHubUITests */,
			);
			name = BookHubUITests;
			packageProductDependencies = (
			);
			productName = BookHubUITests;
			productReference = 041C3A162CD933F4001532EA /* BookHubUITests.xctest */;
			productType = "com.apple.product-type.bundle.ui-testing";
		};
/* End PBXNativeTarget section */

/* Begin PBXProject section */
		041C39F42CD933F2001532EA /* Project object */ = {
			isa = PBXProject;
			attributes = {
				BuildIndependentTargetsInParallel = 1;
				LastSwiftUpdateCheck = 1610;
				LastUpgradeCheck = 1610;
				TargetAttributes = {
					041C39FB2CD933F2001532EA = {
						CreatedOnToolsVersion = 16.1;
					};
					041C3A0B2CD933F4001532EA = {
						CreatedOnToolsVersion = 16.1;
						TestTargetID = 041C39FB2CD933F2001532EA;
					};
					041C3A152CD933F4001532EA = {
						CreatedOnToolsVersion = 16.1;
						TestTargetID = 041C39FB2CD933F2001532EA;
					};
				};
			};
			buildConfigurationList = 041C39F72CD933F2001532EA /* Build configuration list for PBXProject "BookHub" */;
			developmentRegion = en;
			hasScannedForEncodings = 0;
			knownRegions = (
				en,
				Base,
			);
			mainGroup = 041C39F32CD933F2001532EA;
			minimizedProjectReferenceProxies = 1;
			packageReferences = (
				04BA210C2CEB8DEA00287E21 /* XCRemoteSwiftPackageReference "firebase-ios-sdk" */,
			);
			preferredProjectObjectVersion = 77;
			productRefGroup = 041C39FD2CD933F2001532EA /* Products */;
			projectDirPath = "";
			projectRoot = "";
			targets = (
				041C39FB2CD933F2001532EA /* BookHub */,
				041C3A0B2CD933F4001532EA /* BookHubTests */,
				041C3A152CD933F4001532EA /* BookHubUITests */,
			);
		};
/* End PBXProject section */

/* Begin PBXResourcesBuildPhase section */
		041C39FA2CD933F2001532EA /* Resources */ = {
			isa = PBXResourcesBuildPhase;
			buildActionMask = 2147483647;
			files = (
			);
			runOnlyForDeploymentPostprocessing = 0;
		};
		041C3A0A2CD933F4001532EA /* Resources */ = {
			isa = PBXResourcesBuildPhase;
			buildActionMask = 2147483647;
			files = (
			);
			runOnlyForDeploymentPostprocessing = 0;
		};
		041C3A142CD933F4001532EA /* Resources */ = {
			isa = PBXResourcesBuildPhase;
			buildActionMask = 2147483647;
			files = (
			);
			runOnlyForDeploymentPostprocessing = 0;
		};
/* End PBXResourcesBuildPhase section */

/* Begin PBXSourcesBuildPhase section */
		041C39F82CD933F2001532EA /* Sources */ = {
			isa = PBXSourcesBuildPhase;
			buildActionMask = 2147483647;
			files = (
			);
			runOnlyForDeploymentPostprocessing = 0;
		};
		041C3A082CD933F4001532EA /* Sources */ = {
			isa = PBXSourcesBuildPhase;
			buildActionMask = 2147483647;
			files = (
			);
			runOnlyForDeploymentPostprocessing = 0;
		};
		041C3A122CD933F4001532EA /* Sources */ = {
			isa = PBXSourcesBuildPhase;
			buildActionMask = 2147483647;
			files = (
			);
			runOnlyForDeploymentPostprocessing = 0;
		};
/* End PBXSourcesBuildPhase section */

/* Begin PBXTargetDependency section */
		041C3A0E2CD933F4001532EA /* PBXTargetDependency */ = {
			isa = PBXTargetDependency;
			target = 041C39FB2CD933F2001532EA /* BookHub */;
			targetProxy = 041C3A0D2CD933F4001532EA /* PBXContainerItemProxy */;
		};
		041C3A182CD933F4001532EA /* PBXTargetDependency */ = {
			isa = PBXTargetDependency;
			target = 041C39FB2CD933F2001532EA /* BookHub */;
			targetProxy = 041C3A172CD933F4001532EA /* PBXContainerItemProxy */;
		};
/* End PBXTargetDependency section */

/* Begin XCBuildConfiguration section */
		041C3A1E2CD933F4001532EA /* Debug */ = {
			isa = XCBuildConfiguration;
			buildSettings = {
				ALWAYS_SEARCH_USER_PATHS = NO;
				ASSETCATALOG_COMPILER_GENERATE_SWIFT_ASSET_SYMBOL_EXTENSIONS = YES;
				CLANG_ANALYZER_NONNULL = YES;
				CLANG_ANALYZER_NUMBER_OBJECT_CONVERSION = YES_AGGRESSIVE;
				CLANG_CXX_LANGUAGE_STANDARD = "gnu++20";
				CLANG_ENABLE_MODULES = YES;
				CLANG_ENABLE_OBJC_ARC = YES;
				CLANG_ENABLE_OBJC_WEAK = YES;
				CLANG_WARN_BLOCK_CAPTURE_AUTORELEASING = YES;
				CLANG_WARN_BOOL_CONVERSION = YES;
				CLANG_WARN_COMMA = YES;
				CLANG_WARN_CONSTANT_CONVERSION = YES;
				CLANG_WARN_DEPRECATED_OBJC_IMPLEMENTATIONS = YES;
				CLANG_WARN_DIRECT_OBJC_ISA_USAGE = YES_ERROR;
				CLANG_WARN_DOCUMENTATION_COMMENTS = YES;
				CLANG_WARN_EMPTY_BODY = YES;
				CLANG_WARN_ENUM_CONVERSION = YES;
				CLANG_WARN_INFINITE_RECURSION = YES;
				CLANG_WARN_INT_CONVERSION = YES;
				CLANG_WARN_NON_LITERAL_NULL_CONVERSION = YES;
				CLANG_WARN_OBJC_IMPLICIT_RETAIN_SELF = YES;
				CLANG_WARN_OBJC_LITERAL_CONVERSION = YES;
				CLANG_WARN_OBJC_ROOT_CLASS = YES_ERROR;
				CLANG_WARN_QUOTED_INCLUDE_IN_FRAMEWORK_HEADER = YES;
				CLANG_WARN_RANGE_LOOP_ANALYSIS = YES;
				CLANG_WARN_STRICT_PROTOTYPES = YES;
				CLANG_WARN_SUSPICIOUS_MOVE = YES;
				CLANG_WARN_UNGUARDED_AVAILABILITY = YES_AGGRESSIVE;
				CLANG_WARN_UNREACHABLE_CODE = YES;
				CLANG_WARN__DUPLICATE_METHOD_MATCH = YES;
				COPY_PHASE_STRIP = NO;
				DEBUG_INFORMATION_FORMAT = dwarf;
				ENABLE_STRICT_OBJC_MSGSEND = YES;
				ENABLE_TESTABILITY = YES;
				ENABLE_USER_SCRIPT_SANDBOXING = YES;
				GCC_C_LANGUAGE_STANDARD = gnu17;
				GCC_DYNAMIC_NO_PIC = NO;
				GCC_NO_COMMON_BLOCKS = YES;
				GCC_OPTIMIZATION_LEVEL = 0;
				GCC_PREPROCESSOR_DEFINITIONS = (
					"DEBUG=1",
					"$(inherited)",
				);
				GCC_WARN_64_TO_32_BIT_CONVERSION = YES;
				GCC_WARN_ABOUT_RETURN_TYPE = YES_ERROR;
				GCC_WARN_UNDECLARED_SELECTOR = YES;
				GCC_WARN_UNINITIALIZED_AUTOS = YES_AGGRESSIVE;
				GCC_WARN_UNUSED_FUNCTION = YES;
				GCC_WARN_UNUSED_VARIABLE = YES;
				IPHONEOS_DEPLOYMENT_TARGET = 18.1;
				LOCALIZATION_PREFERS_STRING_CATALOGS = YES;
				MTL_ENABLE_DEBUG_INFO = INCLUDE_SOURCE;
				MTL_FAST_MATH = YES;
				ONLY_ACTIVE_ARCH = YES;
				SDKROOT = iphoneos;
				SWIFT_ACTIVE_COMPILATION_CONDITIONS = "DEBUG $(inherited)";
				SWIFT_OPTIMIZATION_LEVEL = "-Onone";
			};
			name = Debug;
		};
		041C3A1F2CD933F4001532EA /* Release */ = {
			isa = XCBuildConfiguration;
			buildSettings = {
				ALWAYS_SEARCH_USER_PATHS = NO;
				ASSETCATALOG_COMPILER_GENERATE_SWIFT_ASSET_SYMBOL_EXTENSIONS = YES;
				CLANG_ANALYZER_NONNULL = YES;
				CLANG_ANALYZER_NUMBER_OBJECT_CONVERSION = YES_AGGRESSIVE;
				CLANG_CXX_LANGUAGE_STANDARD = "gnu++20";
				CLANG_ENABLE_MODULES = YES;
				CLANG_ENABLE_OBJC_ARC = YES;
				CLANG_ENABLE_OBJC_WEAK = YES;
				CLANG_WARN_BLOCK_CAPTURE_AUTORELEASING = YES;
				CLANG_WARN_BOOL_CONVERSION = YES;
				CLANG_WARN_COMMA = YES;
				CLANG_WARN_CONSTANT_CONVERSION = YES;
				CLANG_WARN_DEPRECATED_OBJC_IMPLEMENTATIONS = YES;
				CLANG_WARN_DIRECT_OBJC_ISA_USAGE = YES_ERROR;
				CLANG_WARN_DOCUMENTATION_COMMENTS = YES;
				CLANG_WARN_EMPTY_BODY = YES;
				CLANG_WARN_ENUM_CONVERSION = YES;
				CLANG_WARN_INFINITE_RECURSION = YES;
				CLANG_WARN_INT_CONVERSION = YES;
				CLANG_WARN_NON_LITERAL_NULL_CONVERSION = YES;
				CLANG_WARN_OBJC_IMPLICIT_RETAIN_SELF = YES;
				CLANG_WARN_OBJC_LITERAL_CONVERSION = YES;
				CLANG_WARN_OBJC_ROOT_CLASS = YES_ERROR;
				CLANG_WARN_QUOTED_INCLUDE_IN_FRAMEWORK_HEADER = YES;
				CLANG_WARN_RANGE_LOOP_ANALYSIS = YES;
				CLANG_WARN_STRICT_PROTOTYPES = YES;
				CLANG_WARN_SUSPICIOUS_MOVE = YES;
				CLANG_WARN_UNGUARDED_AVAILABILITY = YES_AGGRESSIVE;
				CLANG_WARN_UNREACHABLE_CODE = YES;
				CLANG_WARN__DUPLICATE_METHOD_MATCH = YES;
				COPY_PHASE_STRIP = NO;
				DEBUG_INFORMATION_FORMAT = "dwarf-with-dsym";
				ENABLE_NS_ASSERTIONS = NO;
				ENABLE_STRICT_OBJC_MSGSEND = YES;
				ENABLE_USER_SCRIPT_SANDBOXING = YES;
				GCC_C_LANGUAGE_STANDARD = gnu17;
				GCC_NO_COMMON_BLOCKS = YES;
				GCC_WARN_64_TO_32_BIT_CONVERSION = YES;
				GCC_WARN_ABOUT_RETURN_TYPE = YES_ERROR;
				GCC_WARN_UNDECLARED_SELECTOR = YES;
				GCC_WARN_UNINITIALIZED_AUTOS = YES_AGGRESSIVE;
				GCC_WARN_UNUSED_FUNCTION = YES;
				GCC_WARN_UNUSED_VARIABLE = YES;
				IPHONEOS_DEPLOYMENT_TARGET = 18.1;
				LOCALIZATION_PREFERS_STRING_CATALOGS = YES;
				MTL_ENABLE_DEBUG_INFO = NO;
				MTL_FAST_MATH = YES;
				SDKROOT = iphoneos;
				SWIFT_COMPILATION_MODE = wholemodule;
				VALIDATE_PRODUCT = YES;
			};
			name = Release;
		};
		041C3A212CD933F4001532EA /* Debug */ = {
			isa = XCBuildConfiguration;
			buildSettings = {
				ASSETCATALOG_COMPILER_APPICON_NAME = AppIcon;
				ASSETCATALOG_COMPILER_GLOBAL_ACCENT_COLOR_NAME = AccentColor;
				CODE_SIGN_STYLE = Automatic;
				CURRENT_PROJECT_VERSION = 1;
				DEVELOPMENT_ASSET_PATHS = "\"BookHub/Preview Content\"";
				DEVELOPMENT_TEAM = 55X9WQKMZH;
				ENABLE_PREVIEWS = YES;
				GENERATE_INFOPLIST_FILE = YES;
				INFOPLIST_KEY_NSFaceIDUsageDescription = "We use this to login to the application";
				INFOPLIST_KEY_UIApplicationSceneManifest_Generation = YES;
				INFOPLIST_KEY_UIApplicationSupportsIndirectInputEvents = YES;
				INFOPLIST_KEY_UILaunchScreen_Generation = YES;
				INFOPLIST_KEY_UISupportedInterfaceOrientations_iPad = "UIInterfaceOrientationPortrait UIInterfaceOrientationPortraitUpsideDown UIInterfaceOrientationLandscapeLeft UIInterfaceOrientationLandscapeRight";
				INFOPLIST_KEY_UISupportedInterfaceOrientations_iPhone = "UIInterfaceOrientationPortrait UIInterfaceOrientationLandscapeLeft UIInterfaceOrientationLandscapeRight";
				LD_RUNPATH_SEARCH_PATHS = (
					"$(inherited)",
					"@executable_path/Frameworks",
				);
				MARKETING_VERSION = 1.0;
				PRODUCT_BUNDLE_IDENTIFIER = com.example.tharusha.BookHub;
				PRODUCT_NAME = "$(TARGET_NAME)";
				SWIFT_EMIT_LOC_STRINGS = YES;
				SWIFT_VERSION = 5.0;
				TARGETED_DEVICE_FAMILY = "1,2";
			};
			name = Debug;
		};
		041C3A222CD933F4001532EA /* Release */ = {
			isa = XCBuildConfiguration;
			buildSettings = {
				ASSETCATALOG_COMPILER_APPICON_NAME = AppIcon;
				ASSETCATALOG_COMPILER_GLOBAL_ACCENT_COLOR_NAME = AccentColor;
				CODE_SIGN_STYLE = Automatic;
				CURRENT_PROJECT_VERSION = 1;
				DEVELOPMENT_ASSET_PATHS = "\"BookHub/Preview Content\"";
				DEVELOPMENT_TEAM = 55X9WQKMZH;
				ENABLE_PREVIEWS = YES;
				GENERATE_INFOPLIST_FILE = YES;
				INFOPLIST_KEY_NSFaceIDUsageDescription = "We use this to login to the application";
				INFOPLIST_KEY_UIApplicationSceneManifest_Generation = YES;
				INFOPLIST_KEY_UIApplicationSupportsIndirectInputEvents = YES;
				INFOPLIST_KEY_UILaunchScreen_Generation = YES;
				INFOPLIST_KEY_UISupportedInterfaceOrientations_iPad = "UIInterfaceOrientationPortrait UIInterfaceOrientationPortraitUpsideDown UIInterfaceOrientationLandscapeLeft UIInterfaceOrientationLandscapeRight";
				INFOPLIST_KEY_UISupportedInterfaceOrientations_iPhone = "UIInterfaceOrientationPortrait UIInterfaceOrientationLandscapeLeft UIInterfaceOrientationLandscapeRight";
				LD_RUNPATH_SEARCH_PATHS = (
					"$(inherited)",
					"@executable_path/Frameworks",
				);
				MARKETING_VERSION = 1.0;
				PRODUCT_BUNDLE_IDENTIFIER = com.example.tharusha.BookHub;
				PRODUCT_NAME = "$(TARGET_NAME)";
				SWIFT_EMIT_LOC_STRINGS = YES;
				SWIFT_VERSION = 5.0;
				TARGETED_DEVICE_FAMILY = "1,2";
			};
			name = Release;
		};
		041C3A242CD933F4001532EA /* Debug */ = {
			isa = XCBuildConfiguration;
			buildSettings = {
				BUNDLE_LOADER = "$(TEST_HOST)";
				CODE_SIGN_STYLE = Automatic;
				CURRENT_PROJECT_VERSION = 1;
				DEVELOPMENT_TEAM = 55X9WQKMZH;
				GENERATE_INFOPLIST_FILE = YES;
				IPHONEOS_DEPLOYMENT_TARGET = 18.1;
				MARKETING_VERSION = 1.0;
				PRODUCT_BUNDLE_IDENTIFIER = com.example.tharusha.BookHubTests;
				PRODUCT_NAME = "$(TARGET_NAME)";
				SWIFT_EMIT_LOC_STRINGS = NO;
				SWIFT_VERSION = 5.0;
				TARGETED_DEVICE_FAMILY = "1,2";
				TEST_HOST = "$(BUILT_PRODUCTS_DIR)/BookHub.app/$(BUNDLE_EXECUTABLE_FOLDER_PATH)/BookHub";
			};
			name = Debug;
		};
		041C3A252CD933F4001532EA /* Release */ = {
			isa = XCBuildConfiguration;
			buildSettings = {
				BUNDLE_LOADER = "$(TEST_HOST)";
				CODE_SIGN_STYLE = Automatic;
				CURRENT_PROJECT_VERSION = 1;
				DEVELOPMENT_TEAM = 55X9WQKMZH;
				GENERATE_INFOPLIST_FILE = YES;
				IPHONEOS_DEPLOYMENT_TARGET = 18.1;
				MARKETING_VERSION = 1.0;
				PRODUCT_BUNDLE_IDENTIFIER = com.example.tharusha.BookHubTests;
				PRODUCT_NAME = "$(TARGET_NAME)";
				SWIFT_EMIT_LOC_STRINGS = NO;
				SWIFT_VERSION = 5.0;
				TARGETED_DEVICE_FAMILY = "1,2";
				TEST_HOST = "$(BUILT_PRODUCTS_DIR)/BookHub.app/$(BUNDLE_EXECUTABLE_FOLDER_PATH)/BookHub";
			};
			name = Release;
		};
		041C3A272CD933F4001532EA /* Debug */ = {
			isa = XCBuildConfiguration;
			buildSettings = {
				CODE_SIGN_STYLE = Automatic;
				CURRENT_PROJECT_VERSION = 1;
				DEVELOPMENT_TEAM = 55X9WQKMZH;
				GENERATE_INFOPLIST_FILE = YES;
				MARKETING_VERSION = 1.0;
				PRODUCT_BUNDLE_IDENTIFIER = com.example.tharusha.BookHubUITests;
				PRODUCT_NAME = "$(TARGET_NAME)";
				SWIFT_EMIT_LOC_STRINGS = NO;
				SWIFT_VERSION = 5.0;
				TARGETED_DEVICE_FAMILY = "1,2";
				TEST_TARGET_NAME = BookHub;
			};
			name = Debug;
		};
		041C3A282CD933F4001532EA /* Release */ = {
			isa = XCBuildConfiguration;
			buildSettings = {
				CODE_SIGN_STYLE = Automatic;
				CURRENT_PROJECT_VERSION = 1;
				DEVELOPMENT_TEAM = 55X9WQKMZH;
				GENERATE_INFOPLIST_FILE = YES;
				MARKETING_VERSION = 1.0;
				PRODUCT_BUNDLE_IDENTIFIER = com.example.tharusha.BookHubUITests;
				PRODUCT_NAME = "$(TARGET_NAME)";
				SWIFT_EMIT_LOC_STRINGS = NO;
				SWIFT_VERSION = 5.0;
				TARGETED_DEVICE_FAMILY = "1,2";
				TEST_TARGET_NAME = BookHub;
			};
			name = Release;
		};
/* End XCBuildConfiguration section */

/* Begin XCConfigurationList section */
		041C39F72CD933F2001532EA /* Build configuration list for PBXProject "BookHub" */ = {
			isa = XCConfigurationList;
			buildConfigurations = (
				041C3A1E2CD933F4001532EA /* Debug */,
				041C3A1F2CD933F4001532EA /* Release */,
			);
			defaultConfigurationIsVisible = 0;
			defaultConfigurationName = Release;
		};
		041C3A202CD933F4001532EA /* Build configuration list for PBXNativeTarget "BookHub" */ = {
			isa = XCConfigurationList;
			buildConfigurations = (
				041C3A212CD933F4001532EA /* Debug */,
				041C3A222CD933F4001532EA /* Release */,
			);
			defaultConfigurationIsVisible = 0;
			defaultConfigurationName = Release;
		};
		041C3A232CD933F4001532EA /* Build configuration list for PBXNativeTarget "BookHubTests" */ = {
			isa = XCConfigurationList;
			buildConfigurations = (
				041C3A242CD933F4001532EA /* Debug */,
				041C3A252CD933F4001532EA /* Release */,
			);
			defaultConfigurationIsVisible = 0;
			defaultConfigurationName = Release;
		};
		041C3A262CD933F4001532EA /* Build configuration list for PBXNativeTarget "BookHubUITests" */ = {
			isa = XCConfigurationList;
			buildConfigurations = (
				041C3A272CD933F4001532EA /* Debug */,
				041C3A282CD933F4001532EA /* Release */,
			);
			defaultConfigurationIsVisible = 0;
			defaultConfigurationName = Release;
		};
/* End XCConfigurationList section */

/* Begin XCRemoteSwiftPackageReference section */
		04BA210C2CEB8DEA00287E21 /* XCRemoteSwiftPackageReference "firebase-ios-sdk" */ = {
			isa = XCRemoteSwiftPackageReference;
			repositoryURL = "https://github.com/firebase/firebase-ios-sdk";
			requirement = {
				kind = upToNextMajorVersion;
				minimumVersion = 11.5.0;
			};
		};
/* End XCRemoteSwiftPackageReference section */

/* Begin XCSwiftPackageProductDependency section */
		04BA210D2CEB8DEA00287E21 /* FirebaseAnalytics */ = {
			isa = XCSwiftPackageProductDependency;
			package = 04BA210C2CEB8DEA00287E21 /* XCRemoteSwiftPackageReference "firebase-ios-sdk" */;
			productName = FirebaseAnalytics;
		};
		04BA210F2CEB8DEA00287E21 /* FirebaseAnalyticsOnDeviceConversion */ = {
			isa = XCSwiftPackageProductDependency;
			package = 04BA210C2CEB8DEA00287E21 /* XCRemoteSwiftPackageReference "firebase-ios-sdk" */;
			productName = FirebaseAnalyticsOnDeviceConversion;
		};
		04BA21112CEB8DEA00287E21 /* FirebaseAnalyticsWithoutAdIdSupport */ = {
			isa = XCSwiftPackageProductDependency;
			package = 04BA210C2CEB8DEA00287E21 /* XCRemoteSwiftPackageReference "firebase-ios-sdk" */;
			productName = FirebaseAnalyticsWithoutAdIdSupport;
		};
		04BA21132CEB8DEA00287E21 /* FirebaseAppCheck */ = {
			isa = XCSwiftPackageProductDependency;
			package = 04BA210C2CEB8DEA00287E21 /* XCRemoteSwiftPackageReference "firebase-ios-sdk" */;
			productName = FirebaseAppCheck;
		};
		04BA21152CEB8DEA00287E21 /* FirebaseAppDistribution-Beta */ = {
			isa = XCSwiftPackageProductDependency;
			package = 04BA210C2CEB8DEA00287E21 /* XCRemoteSwiftPackageReference "firebase-ios-sdk" */;
			productName = "FirebaseAppDistribution-Beta";
		};
		04BA21172CEB8DEA00287E21 /* FirebaseAuth */ = {
			isa = XCSwiftPackageProductDependency;
			package = 04BA210C2CEB8DEA00287E21 /* XCRemoteSwiftPackageReference "firebase-ios-sdk" */;
			productName = FirebaseAuth;
		};
		04BA21192CEB8DEA00287E21 /* FirebaseAuthCombine-Community */ = {
			isa = XCSwiftPackageProductDependency;
			package = 04BA210C2CEB8DEA00287E21 /* XCRemoteSwiftPackageReference "firebase-ios-sdk" */;
			productName = "FirebaseAuthCombine-Community";
		};
		04BA211B2CEB8DEA00287E21 /* FirebaseCore */ = {
			isa = XCSwiftPackageProductDependency;
			package = 04BA210C2CEB8DEA00287E21 /* XCRemoteSwiftPackageReference "firebase-ios-sdk" */;
			productName = FirebaseCore;
		};
		04BA211D2CEB8DEA00287E21 /* FirebaseCrashlytics */ = {
			isa = XCSwiftPackageProductDependency;
			package = 04BA210C2CEB8DEA00287E21 /* XCRemoteSwiftPackageReference "firebase-ios-sdk" */;
			productName = FirebaseCrashlytics;
		};
		04BA211F2CEB8DEA00287E21 /* FirebaseDatabase */ = {
			isa = XCSwiftPackageProductDependency;
			package = 04BA210C2CEB8DEA00287E21 /* XCRemoteSwiftPackageReference "firebase-ios-sdk" */;
			productName = FirebaseDatabase;
		};
		04BA21212CEB8DEA00287E21 /* FirebaseDynamicLinks */ = {
			isa = XCSwiftPackageProductDependency;
			package = 04BA210C2CEB8DEA00287E21 /* XCRemoteSwiftPackageReference "firebase-ios-sdk" */;
			productName = FirebaseDynamicLinks;
		};
		04BA21232CEB8DEA00287E21 /* FirebaseFirestore */ = {
			isa = XCSwiftPackageProductDependency;
			package = 04BA210C2CEB8DEA00287E21 /* XCRemoteSwiftPackageReference "firebase-ios-sdk" */;
			productName = FirebaseFirestore;
		};
		04BA21252CEB8DEA00287E21 /* FirebaseFirestoreCombine-Community */ = {
			isa = XCSwiftPackageProductDependency;
			package = 04BA210C2CEB8DEA00287E21 /* XCRemoteSwiftPackageReference "firebase-ios-sdk" */;
			productName = "FirebaseFirestoreCombine-Community";
		};
		04BA21272CEB8DEA00287E21 /* FirebaseFunctions */ = {
			isa = XCSwiftPackageProductDependency;
			package = 04BA210C2CEB8DEA00287E21 /* XCRemoteSwiftPackageReference "firebase-ios-sdk" */;
			productName = FirebaseFunctions;
		};
		04BA21292CEB8DEA00287E21 /* FirebaseFunctionsCombine-Community */ = {
			isa = XCSwiftPackageProductDependency;
			package = 04BA210C2CEB8DEA00287E21 /* XCRemoteSwiftPackageReference "firebase-ios-sdk" */;
			productName = "FirebaseFunctionsCombine-Community";
		};
		04BA212B2CEB8DEA00287E21 /* FirebaseInAppMessaging-Beta */ = {
			isa = XCSwiftPackageProductDependency;
			package = 04BA210C2CEB8DEA00287E21 /* XCRemoteSwiftPackageReference "firebase-ios-sdk" */;
			productName = "FirebaseInAppMessaging-Beta";
		};
		04BA212D2CEB8DEA00287E21 /* FirebaseInstallations */ = {
			isa = XCSwiftPackageProductDependency;
			package = 04BA210C2CEB8DEA00287E21 /* XCRemoteSwiftPackageReference "firebase-ios-sdk" */;
			productName = FirebaseInstallations;
		};
		04BA212F2CEB8DEA00287E21 /* FirebaseMLModelDownloader */ = {
			isa = XCSwiftPackageProductDependency;
			package = 04BA210C2CEB8DEA00287E21 /* XCRemoteSwiftPackageReference "firebase-ios-sdk" */;
			productName = FirebaseMLModelDownloader;
		};
		04BA21312CEB8DEA00287E21 /* FirebaseMessaging */ = {
			isa = XCSwiftPackageProductDependency;
			package = 04BA210C2CEB8DEA00287E21 /* XCRemoteSwiftPackageReference "firebase-ios-sdk" */;
			productName = FirebaseMessaging;
		};
		04BA21332CEB8DEA00287E21 /* FirebasePerformance */ = {
			isa = XCSwiftPackageProductDependency;
			package = 04BA210C2CEB8DEA00287E21 /* XCRemoteSwiftPackageReference "firebase-ios-sdk" */;
			productName = FirebasePerformance;
		};
		04BA21352CEB8DEA00287E21 /* FirebaseRemoteConfig */ = {
			isa = XCSwiftPackageProductDependency;
			package = 04BA210C2CEB8DEA00287E21 /* XCRemoteSwiftPackageReference "firebase-ios-sdk" */;
			productName = FirebaseRemoteConfig;
		};
		04BA21372CEB8DEA00287E21 /* FirebaseStorage */ = {
			isa = XCSwiftPackageProductDependency;
			package = 04BA210C2CEB8DEA00287E21 /* XCRemoteSwiftPackageReference "firebase-ios-sdk" */;
			productName = FirebaseStorage;
		};
		04BA21392CEB8DEA00287E21 /* FirebaseStorageCombine-Community */ = {
			isa = XCSwiftPackageProductDependency;
			package = 04BA210C2CEB8DEA00287E21 /* XCRemoteSwiftPackageReference "firebase-ios-sdk" */;
			productName = "FirebaseStorageCombine-Community";
		};
		04BA213B2CEB8DEA00287E21 /* FirebaseVertexAI */ = {
			isa = XCSwiftPackageProductDependency;
			package = 04BA210C2CEB8DEA00287E21 /* XCRemoteSwiftPackageReference "firebase-ios-sdk" */;
			productName = FirebaseVertexAI;
		};
/* End XCSwiftPackageProductDependency section */
	};
	rootObject = 041C39F42CD933F2001532EA /* Project object */;
}
